
Microsoft Visual Studio Solution File, Format Version 12.00
# Visual Studio Version 17
VisualStudioVersion = 17.9.34728.123
MinimumVisualStudioVersion = 10.0.40219.1
Project("{FAE04EC0-301F-11D3-BF4B-00C04F79EFBC}") = "FE", "ElecronicMachine\FE.csproj", "{6EC0491E-FD0F-49EB-B8EC-1D006E11B4E9}"
EndProject
Project("{FAE04EC0-301F-11D3-BF4B-00C04F79EFBC}") = "BE", "ClassLibrary\BE.csproj", "{E3C46A85-0B01-4F59-8BED-FA1FC692C371}"
EndProject
Global
	GlobalSection(SolutionConfigurationPlatforms) = preSolution
		Debug|Any CPU = Debug|Any CPU
		Release|Any CPU = Release|Any CPU
	EndGlobalSection
	GlobalSection(ProjectConfigurationPlatforms) = postSolution
		{6EC0491E-FD0F-49EB-B8EC-1D006E11B4E9}.Debug|Any CPU.ActiveCfg = Debug|Any CPU
		{6EC0491E-FD0F-49EB-B8EC-1D006E11B4E9}.Debug|Any CPU.Build.0 = Debug|Any CPU
		{6EC0491E-FD0F-49EB-B8EC-1D006E11B4E9}.Release|Any CPU.ActiveCfg = Release|Any CPU
		{6EC0491E-FD0F-49EB-B8EC-1D006E11B4E9}.Release|Any CPU.Build.0 = Release|Any CPU
		{E3C46A85-0B01-4F59-8BED-FA1FC692C371}.Debug|Any CPU.ActiveCfg = Debug|Any CPU
		{E3C46A85-0B01-4F59-8BED-FA1FC692C371}.Debug|Any CPU.Build.0 = Debug|Any CPU
		{E3C46A85-0B01-4F59-8BED-FA1FC692C371}.Release|Any CPU.ActiveCfg = Release|Any CPU
		{E3C46A85-0B01-4F59-8BED-FA1FC692C371}.Release|Any CPU.Build.0 = Release|Any CPU
	EndGlobalSection
	GlobalSection(SolutionProperties) = preSolution
		HideSolutionNode = FALSE
	EndGlobalSection
	GlobalSection(ExtensibilityGlobals) = postSolution
		SolutionGuid = {4189FF1D-BB36-4D94-A2A7-841E80EDD577}
	EndGlobalSection
EndGlobal
